
Microsoft Visual Studio Solution File, Format Version 12.00
# Visual Studio Version 17
VisualStudioVersion = 17.7.34018.315
MinimumVisualStudioVersion = 10.0.40219.1
Project("{FAE04EC0-301F-11D3-BF4B-00C04F79EFBC}") = "ConsoleApp2", "ConsoleApp2\ConsoleApp2.csproj", "{D5C938B7-9D9D-42D5-9F28-6AD93331E799}"
EndProject
Project("{FAE04EC0-301F-11D3-BF4B-00C04F79EFBC}") = "ConsoleApp1", "ConsoleApp1\ConsoleApp1.csproj", "{904443EC-9C77-4CAF-A36E-F03C99FE1898}"
EndProject
Global
	GlobalSection(SolutionConfigurationPlatforms) = preSolution
		Debug|Any CPU = Debug|Any CPU
		Release|Any CPU = Release|Any CPU
	EndGlobalSection
	GlobalSection(ProjectConfigurationPlatforms) = postSolution
		{D5C938B7-9D9D-42D5-9F28-6AD93331E799}.Debug|Any CPU.ActiveCfg = Debug|Any CPU
		{D5C938B7-9D9D-42D5-9F28-6AD93331E799}.Debug|Any CPU.Build.0 = Debug|Any CPU
		{D5C938B7-9D9D-42D5-9F28-6AD93331E799}.Release|Any CPU.ActiveCfg = Release|Any CPU
		{D5C938B7-9D9D-42D5-9F28-6AD93331E799}.Release|Any CPU.Build.0 = Release|Any CPU
		{904443EC-9C77-4CAF-A36E-F03C99FE1898}.Debug|Any CPU.ActiveCfg = Debug|Any CPU
		{904443EC-9C77-4CAF-A36E-F03C99FE1898}.Debug|Any CPU.Build.0 = Debug|Any CPU
		{904443EC-9C77-4CAF-A36E-F03C99FE1898}.Release|Any CPU.ActiveCfg = Release|Any CPU
		{904443EC-9C77-4CAF-A36E-F03C99FE1898}.Release|Any CPU.Build.0 = Release|Any CPU
	EndGlobalSection
	GlobalSection(SolutionProperties) = preSolution
		HideSolutionNode = FALSE
	EndGlobalSection
	GlobalSection(ExtensibilityGlobals) = postSolution
		SolutionGuid = {18832924-B4EC-4F51-8DDA-0072E62555C7}
	EndGlobalSection
EndGlobal
